// !$*UTF8*$!
{
	archiveVersion = 1;
	classes = {
	};
	objectVersion = 46;
	objects = {

/* Begin PBXBuildFile section */
		1D3623260D0F684500981E51 /* EasyPockectAppDelegate.m in Sources */ = {isa = PBXBuildFile; fileRef = 1D3623250D0F684500981E51 /* EasyPockectAppDelegate.m */; };
		1D60589B0D05DD56006BFB54 /* main.m in Sources */ = {isa = PBXBuildFile; fileRef = 29B97316FDCFA39411CA2CEA /* main.m */; };
		1D60589F0D05DD5A006BFB54 /* Foundation.framework in Frameworks */ = {isa = PBXBuildFile; fileRef = 1D30AB110D05D00D00671497 /* Foundation.framework */; };
		1DF5F4E00D08C38300B7A737 /* UIKit.framework in Frameworks */ = {isa = PBXBuildFile; fileRef = 1DF5F4DF0D08C38300B7A737 /* UIKit.framework */; };
		28193060112F816700ECF9B4 /* EasyPockect.xcdatamodeld in Sources */ = {isa = PBXBuildFile; fileRef = 2819305F112F816700ECF9B4 /* EasyPockect.xcdatamodeld */; };
		288765A50DF7441C002DB57D /* CoreGraphics.framework in Frameworks */ = {isa = PBXBuildFile; fileRef = 288765A40DF7441C002DB57D /* CoreGraphics.framework */; };
		28AD733F0D9D9553002E5188 /* MainWindow.xib in Resources */ = {isa = PBXBuildFile; fileRef = 28AD733E0D9D9553002E5188 /* MainWindow.xib */; };
		28D801B40F44B63D00FB423F /* CoreData.framework in Frameworks */ = {isa = PBXBuildFile; fileRef = 28D801B30F44B63D00FB423F /* CoreData.framework */; };
		9F3A0B2612D45677004974C4 /* EPMainViewController.m in Sources */ = {isa = PBXBuildFile; fileRef = 9F3A0B2412D45677004974C4 /* EPMainViewController.m */; };
		9F3A0B2712D45677004974C4 /* EPMainViewController.xib in Resources */ = {isa = PBXBuildFile; fileRef = 9F3A0B2512D45677004974C4 /* EPMainViewController.xib */; };
		9F3A0B3412D45794004974C4 /* EPCalendarViewController.m in Sources */ = {isa = PBXBuildFile; fileRef = 9F3A0B3312D45794004974C4 /* EPCalendarViewController.m */; };
		9F3A0B3912D45E28004974C4 /* EPOutComeViewController.m in Sources */ = {isa = PBXBuildFile; fileRef = 9F3A0B3812D45E28004974C4 /* EPOutComeViewController.m */; };
		9F3A0B7612D462C9004974C4 /* Calendar@2x.png in Resources */ = {isa = PBXBuildFile; fileRef = 9F3A0B7512D462C9004974C4 /* Calendar@2x.png */; };
		9F3A0B7812D462E8004974C4 /* Calendar.png in Resources */ = {isa = PBXBuildFile; fileRef = 9F3A0B7712D462E8004974C4 /* Calendar.png */; };
		9F3A0B8A12D463B6004974C4 /* chart.png in Resources */ = {isa = PBXBuildFile; fileRef = 9F3A0B8912D463B6004974C4 /* chart.png */; };
		9F3A0B8C12D463C2004974C4 /* chart@2x.png in Resources */ = {isa = PBXBuildFile; fileRef = 9F3A0B8B12D463C2004974C4 /* chart@2x.png */; };
		9F3A0B9B12D464F8004974C4 /* calculator.png in Resources */ = {isa = PBXBuildFile; fileRef = 9F3A0B9A12D464F8004974C4 /* calculator.png */; };
		9F3A0B9D12D46503004974C4 /* calculator@2x.png in Resources */ = {isa = PBXBuildFile; fileRef = 9F3A0B9C12D46503004974C4 /* calculator@2x.png */; };
		9F3A0BAF12D46645004974C4 /* EPChartViewController.m in Sources */ = {isa = PBXBuildFile; fileRef = 9F3A0BAD12D46645004974C4 /* EPChartViewController.m */; };
		9F3A0BB012D46645004974C4 /* EPChartViewController.xib in Resources */ = {isa = PBXBuildFile; fileRef = 9F3A0BAE12D46645004974C4 /* EPChartViewController.xib */; };
		9F3A0C3E12D471E5004974C4 /* libTapkuLibrary.a in Frameworks */ = {isa = PBXBuildFile; fileRef = 9F3A0C3B12D471C6004974C4 /* libTapkuLibrary.a */; };
		9F3A0C5C12D47263004974C4 /* QuartzCore.framework in Frameworks */ = {isa = PBXBuildFile; fileRef = 9F3A0C5B12D47263004974C4 /* QuartzCore.framework */; };
		9F3A0C5E12D47281004974C4 /* MapKit.framework in Frameworks */ = {isa = PBXBuildFile; fileRef = 9F3A0C5D12D47281004974C4 /* MapKit.framework */; };
		9F3A0D4612D47F59004974C4 /* TapkuLibrary.bundle in Resources */ = {isa = PBXBuildFile; fileRef = 9F3A0D4512D47F59004974C4 /* TapkuLibrary.bundle */; };
		9F526EF412D89C9A008380A1 /* EPAddExpendViewController.m in Sources */ = {isa = PBXBuildFile; fileRef = 9F526EF312D89C9A008380A1 /* EPAddExpendViewController.m */; };
		9F526F3C12D8B354008380A1 /* EPDataModel.m in Sources */ = {isa = PBXBuildFile; fileRef = 9F526F3B12D8B354008380A1 /* EPDataModel.m */; };
		9F5FBD5B12D992F30015234D /* EPPlanCostViewController.m in Sources */ = {isa = PBXBuildFile; fileRef = 9F5FBD5912D992F30015234D /* EPPlanCostViewController.m */; };
		9F5FBD5C12D992F30015234D /* EPPlanCostViewController.xib in Resources */ = {isa = PBXBuildFile; fileRef = 9F5FBD5A12D992F30015234D /* EPPlanCostViewController.xib */; };
		9FD325D112E470F600A31E40 /* burger-icon.png in Resources */ = {isa = PBXBuildFile; fileRef = 9FD325D012E470F600A31E40 /* burger-icon.png */; };
		9FD325D612E471A000A31E40 /* 320_HomeIcon.png in Resources */ = {isa = PBXBuildFile; fileRef = 9FD325D512E471A000A31E40 /* 320_HomeIcon.png */; };
		9FD325DE12E471FD00A31E40 /* entertainment_icon.png in Resources */ = {isa = PBXBuildFile; fileRef = 9FD325DD12E471FD00A31E40 /* entertainment_icon.png */; };
		9FEDF79112E33A620029A805 /* BNColor.m in Sources */ = {isa = PBXBuildFile; fileRef = 9FEDF78812E33A620029A805 /* BNColor.m */; };
		9FEDF79212E33A620029A805 /* BNPieChart.m in Sources */ = {isa = PBXBuildFile; fileRef = 9FEDF78A12E33A620029A805 /* BNPieChart.m */; };
		9FEDF79312E33A620029A805 /* NSObject+Be.m in Sources */ = {isa = PBXBuildFile; fileRef = 9FEDF78C12E33A620029A805 /* NSObject+Be.m */; };
		9FEDF79412E33A620029A805 /* README.md in Resources */ = {isa = PBXBuildFile; fileRef = 9FEDF78D12E33A620029A805 /* README.md */; };
		9FEDF79512E33A620029A805 /* UIView+Position.m in Sources */ = {isa = PBXBuildFile; fileRef = 9FEDF78F12E33A620029A805 /* UIView+Position.m */; };
		9FEDF79612E33A620029A805 /* uncrustify.cfg in Resources */ = {isa = PBXBuildFile; fileRef = 9FEDF79012E33A620029A805 /* uncrustify.cfg */; };
/* End PBXBuildFile section */

/* Begin PBXContainerItemProxy section */
		9F3A0C3A12D471C6004974C4 /* PBXContainerItemProxy */ = {
			isa = PBXContainerItemProxy;
			containerPortal = 9F3A0C3012D471C6004974C4 /* TapkuLibrary.xcodeproj */;
			proxyType = 2;
			remoteGlobalIDString = D2AAC07E0554694100DB518D;
			remoteInfo = TapkuLibrary;
		};
		9F3A0C3C12D471C6004974C4 /* PBXContainerItemProxy */ = {
			isa = PBXContainerItemProxy;
			containerPortal = 9F3A0C3012D471C6004974C4 /* TapkuLibrary.xcodeproj */;
			proxyType = 2;
			remoteGlobalIDString = 3B6EDD521154791900E454DA;
			remoteInfo = TapkuLibraryExtra;
		};
		9F3A0C5812D47224004974C4 /* PBXContainerItemProxy */ = {
			isa = PBXContainerItemProxy;
			containerPortal = 9F3A0C3012D471C6004974C4 /* TapkuLibrary.xcodeproj */;
			proxyType = 1;
			remoteGlobalIDString = D2AAC07D0554694100DB518D;
			remoteInfo = TapkuLibrary;
		};
/* End PBXContainerItemProxy section */

/* Begin PBXFileReference section */
		1D30AB110D05D00D00671497 /* Foundation.framework */ = {isa = PBXFileReference; lastKnownFileType = wrapper.framework; name = Foundation.framework; path = System/Library/Frameworks/Foundation.framework; sourceTree = SDKROOT; };
		1D3623240D0F684500981E51 /* EasyPockectAppDelegate.h */ = {isa = PBXFileReference; fileEncoding = 4; lastKnownFileType = sourcecode.c.h; path = EasyPockectAppDelegate.h; sourceTree = "<group>"; };
		1D3623250D0F684500981E51 /* EasyPockectAppDelegate.m */ = {isa = PBXFileReference; fileEncoding = 4; lastKnownFileType = sourcecode.c.objc; path = EasyPockectAppDelegate.m; sourceTree = "<group>"; };
		1D6058910D05DD3D006BFB54 /* EasyPockect.app */ = {isa = PBXFileReference; explicitFileType = wrapper.application; includeInIndex = 0; path = EasyPockect.app; sourceTree = BUILT_PRODUCTS_DIR; };
		1DF5F4DF0D08C38300B7A737 /* UIKit.framework */ = {isa = PBXFileReference; lastKnownFileType = wrapper.framework; name = UIKit.framework; path = System/Library/Frameworks/UIKit.framework; sourceTree = SDKROOT; };
		288765A40DF7441C002DB57D /* CoreGraphics.framework */ = {isa = PBXFileReference; lastKnownFileType = wrapper.framework; name = CoreGraphics.framework; path = System/Library/Frameworks/CoreGraphics.framework; sourceTree = SDKROOT; };
		28AD733E0D9D9553002E5188 /* MainWindow.xib */ = {isa = PBXFileReference; lastKnownFileType = file.xib; path = MainWindow.xib; sourceTree = "<group>"; };
		28C3AD890F43EF2300507BA6 /* EasyPockect.xcdatamodel */ = {isa = PBXFileReference; fileEncoding = 4; lastKnownFileType = wrapper.xcdatamodel; path = EasyPockect.xcdatamodel; sourceTree = "<group>"; };
		28D801B30F44B63D00FB423F /* CoreData.framework */ = {isa = PBXFileReference; lastKnownFileType = wrapper.framework; name = CoreData.framework; path = System/Library/Frameworks/CoreData.framework; sourceTree = SDKROOT; };
		29B97316FDCFA39411CA2CEA /* main.m */ = {isa = PBXFileReference; fileEncoding = 4; lastKnownFileType = sourcecode.c.objc; path = main.m; sourceTree = "<group>"; };
		32CA4F630368D1EE00C91783 /* EasyPockect_Prefix.pch */ = {isa = PBXFileReference; fileEncoding = 4; lastKnownFileType = sourcecode.c.h; path = EasyPockect_Prefix.pch; sourceTree = "<group>"; };
		8D1107310486CEB800E47090 /* EasyPockect-Info.plist */ = {isa = PBXFileReference; fileEncoding = 4; lastKnownFileType = text.plist.xml; path = "EasyPockect-Info.plist"; plistStructureDefinitionIdentifier = "com.apple.xcode.plist.structure-definition.iphone.info-plist"; sourceTree = "<group>"; };
		9F3A0B2312D45677004974C4 /* EPMainViewController.h */ = {isa = PBXFileReference; fileEncoding = 4; lastKnownFileType = sourcecode.c.h; name = EPMainViewController.h; path = ../EPMainViewController.h; sourceTree = "<group>"; };
		9F3A0B2412D45677004974C4 /* EPMainViewController.m */ = {isa = PBXFileReference; fileEncoding = 4; lastKnownFileType = sourcecode.c.objc; name = EPMainViewController.m; path = ../EPMainViewController.m; sourceTree = "<group>"; };
		9F3A0B2512D45677004974C4 /* EPMainViewController.xib */ = {isa = PBXFileReference; lastKnownFileType = file.xib; path = EPMainViewController.xib; sourceTree = "<group>"; };
		9F3A0B3212D45794004974C4 /* EPCalendarViewController.h */ = {isa = PBXFileReference; fileEncoding = 4; lastKnownFileType = sourcecode.c.h; path = EPCalendarViewController.h; sourceTree = "<group>"; };
		9F3A0B3312D45794004974C4 /* EPCalendarViewController.m */ = {isa = PBXFileReference; fileEncoding = 4; lastKnownFileType = sourcecode.c.objc; path = EPCalendarViewController.m; sourceTree = "<group>"; };
		9F3A0B3712D45E28004974C4 /* EPOutComeViewController.h */ = {isa = PBXFileReference; fileEncoding = 4; lastKnownFileType = sourcecode.c.h; path = EPOutComeViewController.h; sourceTree = "<group>"; };
		9F3A0B3812D45E28004974C4 /* EPOutComeViewController.m */ = {isa = PBXFileReference; fileEncoding = 4; lastKnownFileType = sourcecode.c.objc; path = EPOutComeViewController.m; sourceTree = "<group>"; };
		9F3A0B7512D462C9004974C4 /* Calendar@2x.png */ = {isa = PBXFileReference; lastKnownFileType = image.png; path = "Calendar@2x.png"; sourceTree = "<group>"; };
		9F3A0B7712D462E8004974C4 /* Calendar.png */ = {isa = PBXFileReference; lastKnownFileType = image.png; path = Calendar.png; sourceTree = "<group>"; };
		9F3A0B8912D463B6004974C4 /* chart.png */ = {isa = PBXFileReference; lastKnownFileType = image.png; path = chart.png; sourceTree = "<group>"; };
		9F3A0B8B12D463C2004974C4 /* chart@2x.png */ = {isa = PBXFileReference; lastKnownFileType = image.png; path = "chart@2x.png"; sourceTree = "<group>"; };
		9F3A0B9A12D464F8004974C4 /* calculator.png */ = {isa = PBXFileReference; lastKnownFileType = image.png; path = calculator.png; sourceTree = "<group>"; };
		9F3A0B9C12D46503004974C4 /* calculator@2x.png */ = {isa = PBXFileReference; lastKnownFileType = image.png; path = "calculator@2x.png"; sourceTree = "<group>"; };
		9F3A0BAC12D46645004974C4 /* EPChartViewController.h */ = {isa = PBXFileReference; fileEncoding = 4; lastKnownFileType = sourcecode.c.h; path = EPChartViewController.h; sourceTree = "<group>"; };
		9F3A0BAD12D46645004974C4 /* EPChartViewController.m */ = {isa = PBXFileReference; fileEncoding = 4; lastKnownFileType = sourcecode.c.objc; path = EPChartViewController.m; sourceTree = "<group>"; };
		9F3A0BAE12D46645004974C4 /* EPChartViewController.xib */ = {isa = PBXFileReference; lastKnownFileType = file.xib; name = EPChartViewController.xib; path = Classes/EPChartViewController.xib; sourceTree = "<group>"; };
		9F3A0C3012D471C6004974C4 /* TapkuLibrary.xcodeproj */ = {isa = PBXFileReference; lastKnownFileType = "wrapper.pb-project"; name = TapkuLibrary.xcodeproj; path = "devinross-tapkulibrary-5a808aa/src/TapkuLibrary.xcodeproj"; sourceTree = SOURCE_ROOT; };
		9F3A0C5B12D47263004974C4 /* QuartzCore.framework */ = {isa = PBXFileReference; lastKnownFileType = wrapper.framework; name = QuartzCore.framework; path = System/Library/Frameworks/QuartzCore.framework; sourceTree = SDKROOT; };
		9F3A0C5D12D47281004974C4 /* MapKit.framework */ = {isa = PBXFileReference; lastKnownFileType = wrapper.framework; name = MapKit.framework; path = System/Library/Frameworks/MapKit.framework; sourceTree = SDKROOT; };
		9F3A0D4512D47F59004974C4 /* TapkuLibrary.bundle */ = {isa = PBXFileReference; lastKnownFileType = "wrapper.plug-in"; path = TapkuLibrary.bundle; sourceTree = SOURCE_ROOT; };
		9F526EF212D89C9A008380A1 /* EPAddExpendViewController.h */ = {isa = PBXFileReference; fileEncoding = 4; lastKnownFileType = sourcecode.c.h; path = EPAddExpendViewController.h; sourceTree = "<group>"; };
		9F526EF312D89C9A008380A1 /* EPAddExpendViewController.m */ = {isa = PBXFileReference; fileEncoding = 4; lastKnownFileType = sourcecode.c.objc; path = EPAddExpendViewController.m; sourceTree = "<group>"; };
		9F526F3A12D8B354008380A1 /* EPDataModel.h */ = {isa = PBXFileReference; fileEncoding = 4; lastKnownFileType = sourcecode.c.h; path = EPDataModel.h; sourceTree = "<group>"; };
		9F526F3B12D8B354008380A1 /* EPDataModel.m */ = {isa = PBXFileReference; fileEncoding = 4; lastKnownFileType = sourcecode.c.objc; path = EPDataModel.m; sourceTree = "<group>"; };
		9F5FBD5812D992F30015234D /* EPPlanCostViewController.h */ = {isa = PBXFileReference; fileEncoding = 4; lastKnownFileType = sourcecode.c.h; name = EPPlanCostViewController.h; path = ../EPPlanCostViewController.h; sourceTree = "<group>"; };
		9F5FBD5912D992F30015234D /* EPPlanCostViewController.m */ = {isa = PBXFileReference; fileEncoding = 4; lastKnownFileType = sourcecode.c.objc; name = EPPlanCostViewController.m; path = ../EPPlanCostViewController.m; sourceTree = "<group>"; };
		9F5FBD5A12D992F30015234D /* EPPlanCostViewController.xib */ = {isa = PBXFileReference; lastKnownFileType = file.xib; path = EPPlanCostViewController.xib; sourceTree = "<group>"; };
		9FD325D012E470F600A31E40 /* burger-icon.png */ = {isa = PBXFileReference; lastKnownFileType = image.png; path = "burger-icon.png"; sourceTree = "<group>"; };
		9FD325D512E471A000A31E40 /* 320_HomeIcon.png */ = {isa = PBXFileReference; lastKnownFileType = image.png; path = 320_HomeIcon.png; sourceTree = "<group>"; };
		9FD325DD12E471FD00A31E40 /* entertainment_icon.png */ = {isa = PBXFileReference; lastKnownFileType = image.png; path = entertainment_icon.png; sourceTree = "<group>"; };
		9FEDF78712E33A620029A805 /* BNColor.h */ = {isa = PBXFileReference; fileEncoding = 4; lastKnownFileType = sourcecode.c.h; path = BNColor.h; sourceTree = "<group>"; };
		9FEDF78812E33A620029A805 /* BNColor.m */ = {isa = PBXFileReference; fileEncoding = 4; lastKnownFileType = sourcecode.c.objc; path = BNColor.m; sourceTree = "<group>"; };
		9FEDF78912E33A620029A805 /* BNPieChart.h */ = {isa = PBXFileReference; fileEncoding = 4; lastKnownFileType = sourcecode.c.h; path = BNPieChart.h; sourceTree = "<group>"; };
		9FEDF78A12E33A620029A805 /* BNPieChart.m */ = {isa = PBXFileReference; fileEncoding = 4; lastKnownFileType = sourcecode.c.objc; path = BNPieChart.m; sourceTree = "<group>"; };
		9FEDF78B12E33A620029A805 /* NSObject+Be.h */ = {isa = PBXFileReference; fileEncoding = 4; lastKnownFileType = sourcecode.c.h; path = "NSObject+Be.h"; sourceTree = "<group>"; };
		9FEDF78C12E33A620029A805 /* NSObject+Be.m */ = {isa = PBXFileReference; fileEncoding = 4; lastKnownFileType = sourcecode.c.objc; path = "NSObject+Be.m"; sourceTree = "<group>"; };
		9FEDF78D12E33A620029A805 /* README.md */ = {isa = PBXFileReference; fileEncoding = 4; lastKnownFileType = text; path = README.md; sourceTree = "<group>"; };
		9FEDF78E12E33A620029A805 /* UIView+Position.h */ = {isa = PBXFileReference; fileEncoding = 4; lastKnownFileType = sourcecode.c.h; path = "UIView+Position.h"; sourceTree = "<group>"; };
		9FEDF78F12E33A620029A805 /* UIView+Position.m */ = {isa = PBXFileReference; fileEncoding = 4; lastKnownFileType = sourcecode.c.objc; path = "UIView+Position.m"; sourceTree = "<group>"; };
		9FEDF79012E33A620029A805 /* uncrustify.cfg */ = {isa = PBXFileReference; fileEncoding = 4; lastKnownFileType = text; path = uncrustify.cfg; sourceTree = "<group>"; };
/* End PBXFileReference section */

/* Begin PBXFrameworksBuildPhase section */
		1D60588F0D05DD3D006BFB54 /* Frameworks */ = {
			isa = PBXFrameworksBuildPhase;
			buildActionMask = 2147483647;
			files = (
				1D60589F0D05DD5A006BFB54 /* Foundation.framework in Frameworks */,
				1DF5F4E00D08C38300B7A737 /* UIKit.framework in Frameworks */,
				288765A50DF7441C002DB57D /* CoreGraphics.framework in Frameworks */,
				28D801B40F44B63D00FB423F /* CoreData.framework in Frameworks */,
				9F3A0C3E12D471E5004974C4 /* libTapkuLibrary.a in Frameworks */,
				9F3A0C5C12D47263004974C4 /* QuartzCore.framework in Frameworks */,
				9F3A0C5E12D47281004974C4 /* MapKit.framework in Frameworks */,
			);
			runOnlyForDeploymentPostprocessing = 0;
		};
/* End PBXFrameworksBuildPhase section */

/* Begin PBXGroup section */
		080E96DDFE201D6D7F000001 /* Classes */ = {
			isa = PBXGroup;
			children = (
				9F526F3E12D8B35A008380A1 /* Model */,
				9F3A0B2F12D456A6004974C4 /* ViewControllers */,
				1D3623240D0F684500981E51 /* EasyPockectAppDelegate.h */,
				1D3623250D0F684500981E51 /* EasyPockectAppDelegate.m */,
			);
			path = Classes;
			sourceTree = "<group>";
		};
		19C28FACFE9D520D11CA2CBB /* Products */ = {
			isa = PBXGroup;
			children = (
				1D6058910D05DD3D006BFB54 /* EasyPockect.app */,
			);
			name = Products;
			sourceTree = "<group>";
		};
		29B97314FDCFA39411CA2CEA /* CustomTemplate */ = {
			isa = PBXGroup;
			children = (
				9F3A0D4512D47F59004974C4 /* TapkuLibrary.bundle */,
				080E96DDFE201D6D7F000001 /* Classes */,
				29B97315FDCFA39411CA2CEA /* Other Sources */,
				29B97317FDCFA39411CA2CEA /* Resources */,
				29B97323FDCFA39411CA2CEA /* Frameworks */,
				19C28FACFE9D520D11CA2CBB /* Products */,
			);
			name = CustomTemplate;
			sourceTree = "<group>";
		};
		29B97315FDCFA39411CA2CEA /* Other Sources */ = {
			isa = PBXGroup;
			children = (
				32CA4F630368D1EE00C91783 /* EasyPockect_Prefix.pch */,
				29B97316FDCFA39411CA2CEA /* main.m */,
			);
			name = "Other Sources";
			sourceTree = "<group>";
		};
		29B97317FDCFA39411CA2CEA /* Resources */ = {
			isa = PBXGroup;
			children = (
				9F3A0B7112D462B8004974C4 /* images */,
				2819305F112F816700ECF9B4 /* EasyPockect.xcdatamodeld */,
				28AD733E0D9D9553002E5188 /* MainWindow.xib */,
				9F3A0BAE12D46645004974C4 /* EPChartViewController.xib */,
				9F5FBD5A12D992F30015234D /* EPPlanCostViewController.xib */,
				9F3A0B2512D45677004974C4 /* EPMainViewController.xib */,
				8D1107310486CEB800E47090 /* EasyPockect-Info.plist */,
			);
			name = Resources;
			sourceTree = "<group>";
		};
		29B97323FDCFA39411CA2CEA /* Frameworks */ = {
			isa = PBXGroup;
			children = (
				9FEDF77612E33A500029A805 /* Pie Chart */,
				9F3A0C3012D471C6004974C4 /* TapkuLibrary.xcodeproj */,
				1DF5F4DF0D08C38300B7A737 /* UIKit.framework */,
				1D30AB110D05D00D00671497 /* Foundation.framework */,
				288765A40DF7441C002DB57D /* CoreGraphics.framework */,
				28D801B30F44B63D00FB423F /* CoreData.framework */,
				9F3A0C5B12D47263004974C4 /* QuartzCore.framework */,
				9F3A0C5D12D47281004974C4 /* MapKit.framework */,
			);
			name = Frameworks;
			sourceTree = "<group>";
		};
		9F3A0B2F12D456A6004974C4 /* ViewControllers */ = {
			isa = PBXGroup;
			children = (
				9F3A0B2312D45677004974C4 /* EPMainViewController.h */,
				9F3A0B2412D45677004974C4 /* EPMainViewController.m */,
				9F526EF212D89C9A008380A1 /* EPAddExpendViewController.h */,
				9F526EF312D89C9A008380A1 /* EPAddExpendViewController.m */,
				9F3A0B3212D45794004974C4 /* EPCalendarViewController.h */,
				9F3A0B3312D45794004974C4 /* EPCalendarViewController.m */,
				9F3A0B3712D45E28004974C4 /* EPOutComeViewController.h */,
				9F3A0B3812D45E28004974C4 /* EPOutComeViewController.m */,
				9F3A0BAC12D46645004974C4 /* EPChartViewController.h */,
				9F3A0BAD12D46645004974C4 /* EPChartViewController.m */,
				9F5FBD5812D992F30015234D /* EPPlanCostViewController.h */,
				9F5FBD5912D992F30015234D /* EPPlanCostViewController.m */,
			);
			name = ViewControllers;
			sourceTree = "<group>";
		};
		9F3A0B7112D462B8004974C4 /* images */ = {
			isa = PBXGroup;
			children = (
				9FD325DD12E471FD00A31E40 /* entertainment_icon.png */,
				9FD325D512E471A000A31E40 /* 320_HomeIcon.png */,
				9FD325D012E470F600A31E40 /* burger-icon.png */,
				9F3A0B9A12D464F8004974C4 /* calculator.png */,
				9F3A0B9C12D46503004974C4 /* calculator@2x.png */,
				9F3A0B8912D463B6004974C4 /* chart.png */,
				9F3A0B8B12D463C2004974C4 /* chart@2x.png */,
				9F3A0B7712D462E8004974C4 /* Calendar.png */,
				9F3A0B7512D462C9004974C4 /* Calendar@2x.png */,
			);
			name = images;
			sourceTree = "<group>";
		};
		9F3A0C3612D471C6004974C4 /* Products */ = {
			isa = PBXGroup;
			children = (
				9F3A0C3B12D471C6004974C4 /* libTapkuLibrary.a */,
				9F3A0C3D12D471C6004974C4 /* libTapkuLibraryExtra.a */,
			);
			name = Products;
			sourceTree = "<group>";
		};
		9F526F3E12D8B35A008380A1 /* Model */ = {
			isa = PBXGroup;
			children = (
				9F526F3A12D8B354008380A1 /* EPDataModel.h */,
				9F526F3B12D8B354008380A1 /* EPDataModel.m */,
			);
			name = Model;
			sourceTree = "<group>";
		};
		9FEDF77612E33A500029A805 /* Pie Chart */ = {
			isa = PBXGroup;
			children = (
				9FEDF78712E33A620029A805 /* BNColor.h */,
				9FEDF78812E33A620029A805 /* BNColor.m */,
				9FEDF78912E33A620029A805 /* BNPieChart.h */,
				9FEDF78A12E33A620029A805 /* BNPieChart.m */,
				9FEDF78B12E33A620029A805 /* NSObject+Be.h */,
				9FEDF78C12E33A620029A805 /* NSObject+Be.m */,
				9FEDF78D12E33A620029A805 /* README.md */,
				9FEDF78E12E33A620029A805 /* UIView+Position.h */,
				9FEDF78F12E33A620029A805 /* UIView+Position.m */,
				9FEDF79012E33A620029A805 /* uncrustify.cfg */,
			);
			name = "Pie Chart";
			sourceTree = "<group>";
		};
/* End PBXGroup section */

/* Begin PBXNativeTarget section */
		1D6058900D05DD3D006BFB54 /* EasyPockect */ = {
			isa = PBXNativeTarget;
			buildConfigurationList = 1D6058960D05DD3E006BFB54 /* Build configuration list for PBXNativeTarget "EasyPockect" */;
			buildPhases = (
				1D60588D0D05DD3D006BFB54 /* Resources */,
				1D60588E0D05DD3D006BFB54 /* Sources */,
				1D60588F0D05DD3D006BFB54 /* Frameworks */,
			);
			buildRules = (
			);
			dependencies = (
				9F3A0C5912D47224004974C4 /* PBXTargetDependency */,
			);
			name = EasyPockect;
			productName = EasyPockect;
			productReference = 1D6058910D05DD3D006BFB54 /* EasyPockect.app */;
			productType = "com.apple.product-type.application";
		};
/* End PBXNativeTarget section */

/* Begin PBXProject section */
		29B97313FDCFA39411CA2CEA /* Project object */ = {
			isa = PBXProject;
			buildConfigurationList = C01FCF4E08A954540054247B /* Build configuration list for PBXProject "EasyPockect" */;
			compatibilityVersion = "Xcode 3.2";
			developmentRegion = English;
			hasScannedForEncodings = 1;
			knownRegions = (
				English,
				Japanese,
				French,
				German,
			);
			mainGroup = 29B97314FDCFA39411CA2CEA /* CustomTemplate */;
			projectDirPath = "";
			projectReferences = (
				{
					ProductGroup = 9F3A0C3612D471C6004974C4 /* Products */;
					ProjectRef = 9F3A0C3012D471C6004974C4 /* TapkuLibrary.xcodeproj */;
				},
			);
			projectRoot = "";
			targets = (
				1D6058900D05DD3D006BFB54 /* EasyPockect */,
			);
		};
/* End PBXProject section */

/* Begin PBXReferenceProxy section */
		9F3A0C3B12D471C6004974C4 /* libTapkuLibrary.a */ = {
			isa = PBXReferenceProxy;
			fileType = archive.ar;
			path = libTapkuLibrary.a;
			remoteRef = 9F3A0C3A12D471C6004974C4 /* PBXContainerItemProxy */;
			sourceTree = BUILT_PRODUCTS_DIR;
		};
		9F3A0C3D12D471C6004974C4 /* libTapkuLibraryExtra.a */ = {
			isa = PBXReferenceProxy;
			fileType = archive.ar;
			path = libTapkuLibraryExtra.a;
			remoteRef = 9F3A0C3C12D471C6004974C4 /* PBXContainerItemProxy */;
			sourceTree = BUILT_PRODUCTS_DIR;
		};
/* End PBXReferenceProxy section */

/* Begin PBXResourcesBuildPhase section */
		1D60588D0D05DD3D006BFB54 /* Resources */ = {
			isa = PBXResourcesBuildPhase;
			buildActionMask = 2147483647;
			files = (
				28AD733F0D9D9553002E5188 /* MainWindow.xib in Resources */,
				9F3A0B2712D45677004974C4 /* EPMainViewController.xib in Resources */,
				9F3A0B7612D462C9004974C4 /* Calendar@2x.png in Resources */,
				9F3A0B7812D462E8004974C4 /* Calendar.png in Resources */,
				9F3A0B8A12D463B6004974C4 /* chart.png in Resources */,
				9F3A0B8C12D463C2004974C4 /* chart@2x.png in Resources */,
				9F3A0B9B12D464F8004974C4 /* calculator.png in Resources */,
				9F3A0B9D12D46503004974C4 /* calculator@2x.png in Resources */,
				9F3A0BB012D46645004974C4 /* EPChartViewController.xib in Resources */,
				9F3A0D4612D47F59004974C4 /* TapkuLibrary.bundle in Resources */,
				9F5FBD5C12D992F30015234D /* EPPlanCostViewController.xib in Resources */,
				9FEDF79412E33A620029A805 /* README.md in Resources */,
				9FEDF79612E33A620029A805 /* uncrustify.cfg in Resources */,
				9FD325D112E470F600A31E40 /* burger-icon.png in Resources */,
				9FD325D612E471A000A31E40 /* 320_HomeIcon.png in Resources */,
				9FD325DE12E471FD00A31E40 /* entertainment_icon.png in Resources */,
			);
			runOnlyForDeploymentPostprocessing = 0;
		};
/* End PBXResourcesBuildPhase section */

/* Begin PBXSourcesBuildPhase section */
		1D60588E0D05DD3D006BFB54 /* Sources */ = {
			isa = PBXSourcesBuildPhase;
			buildActionMask = 2147483647;
			files = (
				1D60589B0D05DD56006BFB54 /* main.m in Sources */,
				1D3623260D0F684500981E51 /* EasyPockectAppDelegate.m in Sources */,
				28193060112F816700ECF9B4 /* EasyPockect.xcdatamodeld in Sources */,
				9F3A0B2612D45677004974C4 /* EPMainViewController.m in Sources */,
				9F3A0B3412D45794004974C4 /* EPCalendarViewController.m in Sources */,
				9F3A0B3912D45E28004974C4 /* EPOutComeViewController.m in Sources */,
				9F3A0BAF12D46645004974C4 /* EPChartViewController.m in Sources */,
				9F526EF412D89C9A008380A1 /* EPAddExpendViewController.m in Sources */,
				9F526F3C12D8B354008380A1 /* EPDataModel.m in Sources */,
				9F5FBD5B12D992F30015234D /* EPPlanCostViewController.m in Sources */,
				9FEDF79112E33A620029A805 /* BNColor.m in Sources */,
				9FEDF79212E33A620029A805 /* BNPieChart.m in Sources */,
				9FEDF79312E33A620029A805 /* NSObject+Be.m in Sources */,
				9FEDF79512E33A620029A805 /* UIView+Position.m in Sources */,
			);
			runOnlyForDeploymentPostprocessing = 0;
		};
/* End PBXSourcesBuildPhase section */

/* Begin PBXTargetDependency section */
		9F3A0C5912D47224004974C4 /* PBXTargetDependency */ = {
			isa = PBXTargetDependency;
			name = TapkuLibrary;
			targetProxy = 9F3A0C5812D47224004974C4 /* PBXContainerItemProxy */;
		};
/* End PBXTargetDependency section */

/* Begin XCBuildConfiguration section */
		1D6058940D05DD3E006BFB54 /* Debug */ = {
			isa = XCBuildConfiguration;
			buildSettings = {
				ALWAYS_SEARCH_USER_PATHS = NO;
				COPY_PHASE_STRIP = NO;
				GCC_DYNAMIC_NO_PIC = NO;
				GCC_OPTIMIZATION_LEVEL = 0;
				GCC_PRECOMPILE_PREFIX_HEADER = YES;
				GCC_PREFIX_HEADER = EasyPockect_Prefix.pch;
				INFOPLIST_FILE = "EasyPockect-Info.plist";
				PRODUCT_NAME = EasyPockect;
			};
			name = Debug;
		};
		1D6058950D05DD3E006BFB54 /* Release */ = {
			isa = XCBuildConfiguration;
			buildSettings = {
				ALWAYS_SEARCH_USER_PATHS = NO;
				COPY_PHASE_STRIP = YES;
				GCC_PRECOMPILE_PREFIX_HEADER = YES;
				GCC_PREFIX_HEADER = EasyPockect_Prefix.pch;
				INFOPLIST_FILE = "EasyPockect-Info.plist";
				PRODUCT_NAME = EasyPockect;
				VALIDATE_PRODUCT = YES;
			};
			name = Release;
		};
		C01FCF4F08A954540054247B /* Debug */ = {
			isa = XCBuildConfiguration;
			buildSettings = {
				ARCHS = "$(ARCHS_STANDARD_32_BIT)";
				"CODE_SIGN_IDENTITY[sdk=iphoneos*]" = "iPhone Developer";
				GCC_C_LANGUAGE_STANDARD = c99;
				GCC_WARN_ABOUT_RETURN_TYPE = YES;
				GCC_WARN_UNUSED_VARIABLE = YES;
				HEADER_SEARCH_PATHS = "../devinross-tapkulibrary-5a808aa/src";
				OTHER_LDFLAGS = (
					"-Objc",
					"-all_load",
				);
				PREBINDING = NO;
				SDKROOT = iphoneos;
			};
			name = Debug;
		};
		C01FCF5008A954540054247B /* Release */ = {
			isa = XCBuildConfiguration;
			buildSettings = {
				ARCHS = "$(ARCHS_STANDARD_32_BIT)";
				"CODE_SIGN_IDENTITY[sdk=iphoneos*]" = "iPhone Developer";
				GCC_C_LANGUAGE_STANDARD = c99;
				GCC_WARN_ABOUT_RETURN_TYPE = YES;
				GCC_WARN_UNUSED_VARIABLE = YES;
				HEADER_SEARCH_PATHS = "../devinross-tapkulibrary-5a808aa/src";
				OTHER_CFLAGS = "-DNS_BLOCK_ASSERTIONS=1";
				OTHER_LDFLAGS = (
					"-Objc",
					"-all_load",
				);
				PREBINDING = NO;
				SDKROOT = iphoneos;
			};
			name = Release;
		};
/* End XCBuildConfiguration section */

/* Begin XCConfigurationList section */
		1D6058960D05DD3E006BFB54 /* Build configuration list for PBXNativeTarget "EasyPockect" */ = {
			isa = XCConfigurationList;
			buildConfigurations = (
				1D6058940D05DD3E006BFB54 /* Debug */,
				1D6058950D05DD3E006BFB54 /* Release */,
			);
			defaultConfigurationIsVisible = 0;
			defaultConfigurationName = Release;
		};
		C01FCF4E08A954540054247B /* Build configuration list for PBXProject "EasyPockect" */ = {
			isa = XCConfigurationList;
			buildConfigurations = (
				C01FCF4F08A954540054247B /* Debug */,
				C01FCF5008A954540054247B /* Release */,
			);
			defaultConfigurationIsVisible = 0;
			defaultConfigurationName = Release;
		};
/* End XCConfigurationList section */

/* Begin XCVersionGroup section */
		2819305F112F816700ECF9B4 /* EasyPockect.xcdatamodeld */ = {
			isa = XCVersionGroup;
			children = (
				28C3AD890F43EF2300507BA6 /* EasyPockect.xcdatamodel */,
			);
			currentVersion = 28C3AD890F43EF2300507BA6 /* EasyPockect.xcdatamodel */;
			path = EasyPockect.xcdatamodeld;
			sourceTree = "<group>";
			versionGroupType = wrapper.xcdatamodel;
		};
/* End XCVersionGroup section */
	};
	rootObject = 29B97313FDCFA39411CA2CEA /* Project object */;
}
